// !$*UTF8*$!
{
	archiveVersion = 1;
	classes = {
	};
	objectVersion = 50;
	objects = {

/* Begin PBXBuildFile section */
		D800069724E88D3D00F1D297 /* Asset.swift in Sources */ = {isa = PBXBuildFile; fileRef = D800069624E88D3D00F1D297 /* Asset.swift */; };
		D80006A024E88E2800F1D297 /* Kanji.swift in Sources */ = {isa = PBXBuildFile; fileRef = D800069F24E88E2800F1D297 /* Kanji.swift */; };
		D8D0962524E6DC9C00E89670 /* AppDelegate.swift in Sources */ = {isa = PBXBuildFile; fileRef = D8D0962424E6DC9C00E89670 /* AppDelegate.swift */; };
		D8D0962724E6DC9C00E89670 /* SceneDelegate.swift in Sources */ = {isa = PBXBuildFile; fileRef = D8D0962624E6DC9C00E89670 /* SceneDelegate.swift */; };
		D8D0962E24E6DC9D00E89670 /* Assets.xcassets in Resources */ = {isa = PBXBuildFile; fileRef = D8D0962D24E6DC9D00E89670 /* Assets.xcassets */; };
		D8D0963124E6DC9D00E89670 /* LaunchScreen.storyboard in Resources */ = {isa = PBXBuildFile; fileRef = D8D0962F24E6DC9D00E89670 /* LaunchScreen.storyboard */; };
		D8D0963C24E6DC9D00E89670 /* KanjiSRSTests.swift in Sources */ = {isa = PBXBuildFile; fileRef = D8D0963B24E6DC9D00E89670 /* KanjiSRSTests.swift */; };
		D8D0964724E6DC9D00E89670 /* KanjiSRSUITests.swift in Sources */ = {isa = PBXBuildFile; fileRef = D8D0964624E6DC9D00E89670 /* KanjiSRSUITests.swift */; };
		D8D0965624E6E0FA00E89670 /* SearchViewController.swift in Sources */ = {isa = PBXBuildFile; fileRef = D8D0965524E6E0FA00E89670 /* SearchViewController.swift */; };
		D8D0965824E6E12900E89670 /* KanjiListViewController.swift in Sources */ = {isa = PBXBuildFile; fileRef = D8D0965724E6E12900E89670 /* KanjiListViewController.swift */; };
		D8D0965A24E6E15200E89670 /* StudyListViewController.swift in Sources */ = {isa = PBXBuildFile; fileRef = D8D0965924E6E15200E89670 /* StudyListViewController.swift */; };
/* End PBXBuildFile section */

/* Begin PBXContainerItemProxy section */
		D8D0963824E6DC9D00E89670 /* PBXContainerItemProxy */ = {
			isa = PBXContainerItemProxy;
			containerPortal = D8D0961924E6DC9B00E89670 /* Project object */;
			proxyType = 1;
			remoteGlobalIDString = D8D0962024E6DC9C00E89670;
			remoteInfo = KanjiSRS;
		};
		D8D0964324E6DC9D00E89670 /* PBXContainerItemProxy */ = {
			isa = PBXContainerItemProxy;
			containerPortal = D8D0961924E6DC9B00E89670 /* Project object */;
			proxyType = 1;
			remoteGlobalIDString = D8D0962024E6DC9C00E89670;
			remoteInfo = KanjiSRS;
		};
/* End PBXContainerItemProxy section */

/* Begin PBXFileReference section */
		D800069624E88D3D00F1D297 /* Asset.swift */ = {isa = PBXFileReference; lastKnownFileType = sourcecode.swift; path = Asset.swift; sourceTree = "<group>"; };
		D800069F24E88E2800F1D297 /* Kanji.swift */ = {isa = PBXFileReference; lastKnownFileType = sourcecode.swift; path = Kanji.swift; sourceTree = "<group>"; };
		D8D0962124E6DC9C00E89670 /* KanjiSRS.app */ = {isa = PBXFileReference; explicitFileType = wrapper.application; includeInIndex = 0; path = KanjiSRS.app; sourceTree = BUILT_PRODUCTS_DIR; };
		D8D0962424E6DC9C00E89670 /* AppDelegate.swift */ = {isa = PBXFileReference; lastKnownFileType = sourcecode.swift; path = AppDelegate.swift; sourceTree = "<group>"; };
		D8D0962624E6DC9C00E89670 /* SceneDelegate.swift */ = {isa = PBXFileReference; lastKnownFileType = sourcecode.swift; path = SceneDelegate.swift; sourceTree = "<group>"; };
		D8D0962D24E6DC9D00E89670 /* Assets.xcassets */ = {isa = PBXFileReference; lastKnownFileType = folder.assetcatalog; path = Assets.xcassets; sourceTree = "<group>"; };
		D8D0963024E6DC9D00E89670 /* Base */ = {isa = PBXFileReference; lastKnownFileType = file.storyboard; name = Base; path = Base.lproj/LaunchScreen.storyboard; sourceTree = "<group>"; };
		D8D0963224E6DC9D00E89670 /* Info.plist */ = {isa = PBXFileReference; lastKnownFileType = text.plist.xml; path = Info.plist; sourceTree = "<group>"; };
		D8D0963724E6DC9D00E89670 /* KanjiSRSTests.xctest */ = {isa = PBXFileReference; explicitFileType = wrapper.cfbundle; includeInIndex = 0; path = KanjiSRSTests.xctest; sourceTree = BUILT_PRODUCTS_DIR; };
		D8D0963B24E6DC9D00E89670 /* KanjiSRSTests.swift */ = {isa = PBXFileReference; lastKnownFileType = sourcecode.swift; path = KanjiSRSTests.swift; sourceTree = "<group>"; };
		D8D0963D24E6DC9D00E89670 /* Info.plist */ = {isa = PBXFileReference; lastKnownFileType = text.plist.xml; path = Info.plist; sourceTree = "<group>"; };
		D8D0964224E6DC9D00E89670 /* KanjiSRSUITests.xctest */ = {isa = PBXFileReference; explicitFileType = wrapper.cfbundle; includeInIndex = 0; path = KanjiSRSUITests.xctest; sourceTree = BUILT_PRODUCTS_DIR; };
		D8D0964624E6DC9D00E89670 /* KanjiSRSUITests.swift */ = {isa = PBXFileReference; lastKnownFileType = sourcecode.swift; path = KanjiSRSUITests.swift; sourceTree = "<group>"; };
		D8D0964824E6DC9D00E89670 /* Info.plist */ = {isa = PBXFileReference; lastKnownFileType = text.plist.xml; path = Info.plist; sourceTree = "<group>"; };
		D8D0965524E6E0FA00E89670 /* SearchViewController.swift */ = {isa = PBXFileReference; lastKnownFileType = sourcecode.swift; path = SearchViewController.swift; sourceTree = "<group>"; };
		D8D0965724E6E12900E89670 /* KanjiListViewController.swift */ = {isa = PBXFileReference; lastKnownFileType = sourcecode.swift; path = KanjiListViewController.swift; sourceTree = "<group>"; };
		D8D0965924E6E15200E89670 /* StudyListViewController.swift */ = {isa = PBXFileReference; lastKnownFileType = sourcecode.swift; path = StudyListViewController.swift; sourceTree = "<group>"; };
/* End PBXFileReference section */

/* Begin PBXFrameworksBuildPhase section */
		D8D0961E24E6DC9C00E89670 /* Frameworks */ = {
			isa = PBXFrameworksBuildPhase;
			buildActionMask = 2147483647;
			files = (
			);
			runOnlyForDeploymentPostprocessing = 0;
		};
		D8D0963424E6DC9D00E89670 /* Frameworks */ = {
			isa = PBXFrameworksBuildPhase;
			buildActionMask = 2147483647;
			files = (
			);
			runOnlyForDeploymentPostprocessing = 0;
		};
		D8D0963F24E6DC9D00E89670 /* Frameworks */ = {
			isa = PBXFrameworksBuildPhase;
			buildActionMask = 2147483647;
			files = (
			);
			runOnlyForDeploymentPostprocessing = 0;
		};
/* End PBXFrameworksBuildPhase section */

/* Begin PBXGroup section */
		D800069524E88D1D00F1D297 /* Enums */ = {
			isa = PBXGroup;
			children = (
				D800069624E88D3D00F1D297 /* Asset.swift */,
			);
			path = Enums;
			sourceTree = "<group>";
		};
		D800069C24E88DF800F1D297 /* Models */ = {
			isa = PBXGroup;
			children = (
				D800069F24E88E2800F1D297 /* Kanji.swift */,
			);
			path = Models;
			sourceTree = "<group>";
		};
		D86FA7BC24E6E6F0009F73ED /* TabBar */ = {
			isa = PBXGroup;
			children = (
				D8D0965524E6E0FA00E89670 /* SearchViewController.swift */,
				D8D0965724E6E12900E89670 /* KanjiListViewController.swift */,
				D8D0965924E6E15200E89670 /* StudyListViewController.swift */,
			);
			path = TabBar;
			sourceTree = "<group>";
		};
		D8D0961824E6DC9B00E89670 = {
			isa = PBXGroup;
			children = (
				D8D0962324E6DC9C00E89670 /* KanjiSRS */,
				D8D0963A24E6DC9D00E89670 /* KanjiSRSTests */,
				D8D0964524E6DC9D00E89670 /* KanjiSRSUITests */,
				D8D0962224E6DC9C00E89670 /* Products */,
			);
			sourceTree = "<group>";
		};
		D8D0962224E6DC9C00E89670 /* Products */ = {
			isa = PBXGroup;
			children = (
				D8D0962124E6DC9C00E89670 /* KanjiSRS.app */,
				D8D0963724E6DC9D00E89670 /* KanjiSRSTests.xctest */,
				D8D0964224E6DC9D00E89670 /* KanjiSRSUITests.xctest */,
			);
			name = Products;
			sourceTree = "<group>";
		};
		D8D0962324E6DC9C00E89670 /* KanjiSRS */ = {
			isa = PBXGroup;
			children = (
				D800069C24E88DF800F1D297 /* Models */,
				D800069524E88D1D00F1D297 /* Enums */,
				D8D0965424E6E0E900E89670 /* Controllers */,
				D8D0962424E6DC9C00E89670 /* AppDelegate.swift */,
				D8D0962624E6DC9C00E89670 /* SceneDelegate.swift */,
				D8D0962D24E6DC9D00E89670 /* Assets.xcassets */,
				D8D0962F24E6DC9D00E89670 /* LaunchScreen.storyboard */,
				D8D0963224E6DC9D00E89670 /* Info.plist */,
			);
			path = KanjiSRS;
			sourceTree = "<group>";
		};
		D8D0963A24E6DC9D00E89670 /* KanjiSRSTests */ = {
			isa = PBXGroup;
			children = (
				D8D0963B24E6DC9D00E89670 /* KanjiSRSTests.swift */,
				D8D0963D24E6DC9D00E89670 /* Info.plist */,
			);
			path = KanjiSRSTests;
			sourceTree = "<group>";
		};
		D8D0964524E6DC9D00E89670 /* KanjiSRSUITests */ = {
			isa = PBXGroup;
			children = (
				D8D0964624E6DC9D00E89670 /* KanjiSRSUITests.swift */,
				D8D0964824E6DC9D00E89670 /* Info.plist */,
			);
			path = KanjiSRSUITests;
			sourceTree = "<group>";
		};
		D8D0965424E6E0E900E89670 /* Controllers */ = {
			isa = PBXGroup;
			children = (
				D86FA7BC24E6E6F0009F73ED /* TabBar */,
			);
			path = Controllers;
			sourceTree = "<group>";
		};
/* End PBXGroup section */

/* Begin PBXNativeTarget section */
		D8D0962024E6DC9C00E89670 /* KanjiSRS */ = {
			isa = PBXNativeTarget;
			buildConfigurationList = D8D0964B24E6DC9D00E89670 /* Build configuration list for PBXNativeTarget "KanjiSRS" */;
			buildPhases = (
				D8D0961D24E6DC9C00E89670 /* Sources */,
				D8D0961E24E6DC9C00E89670 /* Frameworks */,
				D8D0961F24E6DC9C00E89670 /* Resources */,
			);
			buildRules = (
			);
			dependencies = (
			);
			name = KanjiSRS;
			productName = KanjiSRS;
			productReference = D8D0962124E6DC9C00E89670 /* KanjiSRS.app */;
			productType = "com.apple.product-type.application";
		};
		D8D0963624E6DC9D00E89670 /* KanjiSRSTests */ = {
			isa = PBXNativeTarget;
			buildConfigurationList = D8D0964E24E6DC9D00E89670 /* Build configuration list for PBXNativeTarget "KanjiSRSTests" */;
			buildPhases = (
				D8D0963324E6DC9D00E89670 /* Sources */,
				D8D0963424E6DC9D00E89670 /* Frameworks */,
				D8D0963524E6DC9D00E89670 /* Resources */,
			);
			buildRules = (
			);
			dependencies = (
				D8D0963924E6DC9D00E89670 /* PBXTargetDependency */,
			);
			name = KanjiSRSTests;
			productName = KanjiSRSTests;
			productReference = D8D0963724E6DC9D00E89670 /* KanjiSRSTests.xctest */;
			productType = "com.apple.product-type.bundle.unit-test";
		};
		D8D0964124E6DC9D00E89670 /* KanjiSRSUITests */ = {
			isa = PBXNativeTarget;
			buildConfigurationList = D8D0965124E6DC9D00E89670 /* Build configuration list for PBXNativeTarget "KanjiSRSUITests" */;
			buildPhases = (
				D8D0963E24E6DC9D00E89670 /* Sources */,
				D8D0963F24E6DC9D00E89670 /* Frameworks */,
				D8D0964024E6DC9D00E89670 /* Resources */,
			);
			buildRules = (
			);
			dependencies = (
				D8D0964424E6DC9D00E89670 /* PBXTargetDependency */,
			);
			name = KanjiSRSUITests;
			productName = KanjiSRSUITests;
			productReference = D8D0964224E6DC9D00E89670 /* KanjiSRSUITests.xctest */;
			productType = "com.apple.product-type.bundle.ui-testing";
		};
/* End PBXNativeTarget section */

/* Begin PBXProject section */
		D8D0961924E6DC9B00E89670 /* Project object */ = {
			isa = PBXProject;
			attributes = {
				LastSwiftUpdateCheck = 1160;
				LastUpgradeCheck = 1160;
				ORGANIZATIONNAME = "Scott Enriquez";
				TargetAttributes = {
					D8D0962024E6DC9C00E89670 = {
						CreatedOnToolsVersion = 11.6;
					};
					D8D0963624E6DC9D00E89670 = {
						CreatedOnToolsVersion = 11.6;
						TestTargetID = D8D0962024E6DC9C00E89670;
					};
					D8D0964124E6DC9D00E89670 = {
						CreatedOnToolsVersion = 11.6;
						TestTargetID = D8D0962024E6DC9C00E89670;
					};
				};
			};
			buildConfigurationList = D8D0961C24E6DC9B00E89670 /* Build configuration list for PBXProject "KanjiSRS" */;
			compatibilityVersion = "Xcode 9.3";
			developmentRegion = en;
			hasScannedForEncodings = 0;
			knownRegions = (
				en,
				Base,
			);
			mainGroup = D8D0961824E6DC9B00E89670;
			productRefGroup = D8D0962224E6DC9C00E89670 /* Products */;
			projectDirPath = "";
			projectRoot = "";
			targets = (
				D8D0962024E6DC9C00E89670 /* KanjiSRS */,
				D8D0963624E6DC9D00E89670 /* KanjiSRSTests */,
				D8D0964124E6DC9D00E89670 /* KanjiSRSUITests */,
			);
		};
/* End PBXProject section */

/* Begin PBXResourcesBuildPhase section */
		D8D0961F24E6DC9C00E89670 /* Resources */ = {
			isa = PBXResourcesBuildPhase;
			buildActionMask = 2147483647;
			files = (
				D8D0963124E6DC9D00E89670 /* LaunchScreen.storyboard in Resources */,
				D8D0962E24E6DC9D00E89670 /* Assets.xcassets in Resources */,
			);
			runOnlyForDeploymentPostprocessing = 0;
		};
		D8D0963524E6DC9D00E89670 /* Resources */ = {
			isa = PBXResourcesBuildPhase;
			buildActionMask = 2147483647;
			files = (
			);
			runOnlyForDeploymentPostprocessing = 0;
		};
		D8D0964024E6DC9D00E89670 /* Resources */ = {
			isa = PBXResourcesBuildPhase;
			buildActionMask = 2147483647;
			files = (
			);
			runOnlyForDeploymentPostprocessing = 0;
		};
/* End PBXResourcesBuildPhase section */

/* Begin PBXSourcesBuildPhase section */
		D8D0961D24E6DC9C00E89670 /* Sources */ = {
			isa = PBXSourcesBuildPhase;
			buildActionMask = 2147483647;
			files = (
				D800069724E88D3D00F1D297 /* Asset.swift in Sources */,
				D8D0962524E6DC9C00E89670 /* AppDelegate.swift in Sources */,
				D80006A024E88E2800F1D297 /* Kanji.swift in Sources */,
				D8D0965624E6E0FA00E89670 /* SearchViewController.swift in Sources */,
				D8D0962724E6DC9C00E89670 /* SceneDelegate.swift in Sources */,
				D8D0965A24E6E15200E89670 /* StudyListViewController.swift in Sources */,
				D8D0965824E6E12900E89670 /* KanjiListViewController.swift in Sources */,
			);
			runOnlyForDeploymentPostprocessing = 0;
		};
		D8D0963324E6DC9D00E89670 /* Sources */ = {
			isa = PBXSourcesBuildPhase;
			buildActionMask = 2147483647;
			files = (
				D8D0963C24E6DC9D00E89670 /* KanjiSRSTests.swift in Sources */,
			);
			runOnlyForDeploymentPostprocessing = 0;
		};
		D8D0963E24E6DC9D00E89670 /* Sources */ = {
			isa = PBXSourcesBuildPhase;
			buildActionMask = 2147483647;
			files = (
				D8D0964724E6DC9D00E89670 /* KanjiSRSUITests.swift in Sources */,
			);
			runOnlyForDeploymentPostprocessing = 0;
		};
/* End PBXSourcesBuildPhase section */

/* Begin PBXTargetDependency section */
		D8D0963924E6DC9D00E89670 /* PBXTargetDependency */ = {
			isa = PBXTargetDependency;
			target = D8D0962024E6DC9C00E89670 /* KanjiSRS */;
			targetProxy = D8D0963824E6DC9D00E89670 /* PBXContainerItemProxy */;
		};
		D8D0964424E6DC9D00E89670 /* PBXTargetDependency */ = {
			isa = PBXTargetDependency;
			target = D8D0962024E6DC9C00E89670 /* KanjiSRS */;
			targetProxy = D8D0964324E6DC9D00E89670 /* PBXContainerItemProxy */;
		};
/* End PBXTargetDependency section */

/* Begin PBXVariantGroup section */
		D8D0962F24E6DC9D00E89670 /* LaunchScreen.storyboard */ = {
			isa = PBXVariantGroup;
			children = (
				D8D0963024E6DC9D00E89670 /* Base */,
			);
			name = LaunchScreen.storyboard;
			sourceTree = "<group>";
		};
/* End PBXVariantGroup section */

/* Begin XCBuildConfiguration section */
		D8D0964924E6DC9D00E89670 /* Debug */ = {
			isa = XCBuildConfiguration;
			buildSettings = {
				ALWAYS_SEARCH_USER_PATHS = NO;
				CLANG_ANALYZER_NONNULL = YES;
				CLANG_ANALYZER_NUMBER_OBJECT_CONVERSION = YES_AGGRESSIVE;
				CLANG_CXX_LANGUAGE_STANDARD = "gnu++14";
				CLANG_CXX_LIBRARY = "libc++";
				CLANG_ENABLE_MODULES = YES;
				CLANG_ENABLE_OBJC_ARC = YES;
				CLANG_ENABLE_OBJC_WEAK = YES;
				CLANG_WARN_BLOCK_CAPTURE_AUTORELEASING = YES;
				CLANG_WARN_BOOL_CONVERSION = YES;
				CLANG_WARN_COMMA = YES;
				CLANG_WARN_CONSTANT_CONVERSION = YES;
				CLANG_WARN_DEPRECATED_OBJC_IMPLEMENTATIONS = YES;
				CLANG_WARN_DIRECT_OBJC_ISA_USAGE = YES_ERROR;
				CLANG_WARN_DOCUMENTATION_COMMENTS = YES;
				CLANG_WARN_EMPTY_BODY = YES;
				CLANG_WARN_ENUM_CONVERSION = YES;
				CLANG_WARN_INFINITE_RECURSION = YES;
				CLANG_WARN_INT_CONVERSION = YES;
				CLANG_WARN_NON_LITERAL_NULL_CONVERSION = YES;
				CLANG_WARN_OBJC_IMPLICIT_RETAIN_SELF = YES;
				CLANG_WARN_OBJC_LITERAL_CONVERSION = YES;
				CLANG_WARN_OBJC_ROOT_CLASS = YES_ERROR;
				CLANG_WARN_RANGE_LOOP_ANALYSIS = YES;
				CLANG_WARN_STRICT_PROTOTYPES = YES;
				CLANG_WARN_SUSPICIOUS_MOVE = YES;
				CLANG_WARN_UNGUARDED_AVAILABILITY = YES_AGGRESSIVE;
				CLANG_WARN_UNREACHABLE_CODE = YES;
				CLANG_WARN__DUPLICATE_METHOD_MATCH = YES;
				COPY_PHASE_STRIP = NO;
				DEBUG_INFORMATION_FORMAT = dwarf;
				ENABLE_STRICT_OBJC_MSGSEND = YES;
				ENABLE_TESTABILITY = YES;
				GCC_C_LANGUAGE_STANDARD = gnu11;
				GCC_DYNAMIC_NO_PIC = NO;
				GCC_NO_COMMON_BLOCKS = YES;
				GCC_OPTIMIZATION_LEVEL = 0;
				GCC_PREPROCESSOR_DEFINITIONS = (
					"DEBUG=1",
					"$(inherited)",
				);
				GCC_WARN_64_TO_32_BIT_CONVERSION = YES;
				GCC_WARN_ABOUT_RETURN_TYPE = YES_ERROR;
				GCC_WARN_UNDECLARED_SELECTOR = YES;
				GCC_WARN_UNINITIALIZED_AUTOS = YES_AGGRESSIVE;
				GCC_WARN_UNUSED_FUNCTION = YES;
				GCC_WARN_UNUSED_VARIABLE = YES;
				IPHONEOS_DEPLOYMENT_TARGET = 13.6;
				MTL_ENABLE_DEBUG_INFO = INCLUDE_SOURCE;
				MTL_FAST_MATH = YES;
				ONLY_ACTIVE_ARCH = YES;
				SDKROOT = iphoneos;
				SWIFT_ACTIVE_COMPILATION_CONDITIONS = DEBUG;
				SWIFT_OPTIMIZATION_LEVEL = "-Onone";
			};
			name = Debug;
		};
		D8D0964A24E6DC9D00E89670 /* Release */ = {
			isa = XCBuildConfiguration;
			buildSettings = {
				ALWAYS_SEARCH_USER_PATHS = NO;
				CLANG_ANALYZER_NONNULL = YES;
				CLANG_ANALYZER_NUMBER_OBJECT_CONVERSION = YES_AGGRESSIVE;
				CLANG_CXX_LANGUAGE_STANDARD = "gnu++14";
				CLANG_CXX_LIBRARY = "libc++";
				CLANG_ENABLE_MODULES = YES;
				CLANG_ENABLE_OBJC_ARC = YES;
				CLANG_ENABLE_OBJC_WEAK = YES;
				CLANG_WARN_BLOCK_CAPTURE_AUTORELEASING = YES;
				CLANG_WARN_BOOL_CONVERSION = YES;
				CLANG_WARN_COMMA = YES;
				CLANG_WARN_CONSTANT_CONVERSION = YES;
				CLANG_WARN_DEPRECATED_OBJC_IMPLEMENTATIONS = YES;
				CLANG_WARN_DIRECT_OBJC_ISA_USAGE = YES_ERROR;
				CLANG_WARN_DOCUMENTATION_COMMENTS = YES;
				CLANG_WARN_EMPTY_BODY = YES;
				CLANG_WARN_ENUM_CONVERSION = YES;
				CLANG_WARN_INFINITE_RECURSION = YES;
				CLANG_WARN_INT_CONVERSION = YES;
				CLANG_WARN_NON_LITERAL_NULL_CONVERSION = YES;
				CLANG_WARN_OBJC_IMPLICIT_RETAIN_SELF = YES;
				CLANG_WARN_OBJC_LITERAL_CONVERSION = YES;
				CLANG_WARN_OBJC_ROOT_CLASS = YES_ERROR;
				CLANG_WARN_RANGE_LOOP_ANALYSIS = YES;
				CLANG_WARN_STRICT_PROTOTYPES = YES;
				CLANG_WARN_SUSPICIOUS_MOVE = YES;
				CLANG_WARN_UNGUARDED_AVAILABILITY = YES_AGGRESSIVE;
				CLANG_WARN_UNREACHABLE_CODE = YES;
				CLANG_WARN__DUPLICATE_METHOD_MATCH = YES;
				COPY_PHASE_STRIP = NO;
				DEBUG_INFORMATION_FORMAT = "dwarf-with-dsym";
				ENABLE_NS_ASSERTIONS = NO;
				ENABLE_STRICT_OBJC_MSGSEND = YES;
				GCC_C_LANGUAGE_STANDARD = gnu11;
				GCC_NO_COMMON_BLOCKS = YES;
				GCC_WARN_64_TO_32_BIT_CONVERSION = YES;
				GCC_WARN_ABOUT_RETURN_TYPE = YES_ERROR;
				GCC_WARN_UNDECLARED_SELECTOR = YES;
				GCC_WARN_UNINITIALIZED_AUTOS = YES_AGGRESSIVE;
				GCC_WARN_UNUSED_FUNCTION = YES;
				GCC_WARN_UNUSED_VARIABLE = YES;
				IPHONEOS_DEPLOYMENT_TARGET = 13.6;
				MTL_ENABLE_DEBUG_INFO = NO;
				MTL_FAST_MATH = YES;
				SDKROOT = iphoneos;
				SWIFT_COMPILATION_MODE = wholemodule;
				SWIFT_OPTIMIZATION_LEVEL = "-O";
				VALIDATE_PRODUCT = YES;
			};
			name = Release;
		};
		D8D0964C24E6DC9D00E89670 /* Debug */ = {
			isa = XCBuildConfiguration;
			buildSettings = {
				ASSETCATALOG_COMPILER_APPICON_NAME = AppIcon;
				CODE_SIGN_STYLE = Automatic;
				DEVELOPMENT_TEAM = 7M9B7VB2G9;
				INFOPLIST_FILE = KanjiSRS/Info.plist;
				IPHONEOS_DEPLOYMENT_TARGET = 13.6;
				LD_RUNPATH_SEARCH_PATHS = (
					"$(inherited)",
					"@executable_path/Frameworks",
				);
				PRODUCT_BUNDLE_IDENTIFIER = xxx.scottie.KanjiSRS;
				PRODUCT_NAME = "$(TARGET_NAME)";
				SWIFT_VERSION = 5.0;
				TARGETED_DEVICE_FAMILY = 1;
			};
			name = Debug;
		};
		D8D0964D24E6DC9D00E89670 /* Release */ = {
			isa = XCBuildConfiguration;
			buildSettings = {
				ASSETCATALOG_COMPILER_APPICON_NAME = AppIcon;
				CODE_SIGN_STYLE = Automatic;
				DEVELOPMENT_TEAM = 7M9B7VB2G9;
				INFOPLIST_FILE = KanjiSRS/Info.plist;
				IPHONEOS_DEPLOYMENT_TARGET = 13.6;
				LD_RUNPATH_SEARCH_PATHS = (
					"$(inherited)",
					"@executable_path/Frameworks",
				);
				PRODUCT_BUNDLE_IDENTIFIER = xxx.scottie.KanjiSRS;
				PRODUCT_NAME = "$(TARGET_NAME)";
				SWIFT_VERSION = 5.0;
				TARGETED_DEVICE_FAMILY = 1;
			};
			name = Release;
		};
		D8D0964F24E6DC9D00E89670 /* Debug */ = {
			isa = XCBuildConfiguration;
			buildSettings = {
				ALWAYS_EMBED_SWIFT_STANDARD_LIBRARIES = YES;
				BUNDLE_LOADER = "$(TEST_HOST)";
				CODE_SIGN_STYLE = Automatic;
				DEVELOPMENT_TEAM = 7M9B7VB2G9;
				INFOPLIST_FILE = KanjiSRSTests/Info.plist;
				IPHONEOS_DEPLOYMENT_TARGET = 13.6;
				LD_RUNPATH_SEARCH_PATHS = (
					"$(inherited)",
					"@executable_path/Frameworks",
					"@loader_path/Frameworks",
				);
				PRODUCT_BUNDLE_IDENTIFIER = xxx.scottie.KanjiSRSTests;
				PRODUCT_NAME = "$(TARGET_NAME)";
				SWIFT_VERSION = 5.0;
				TARGETED_DEVICE_FAMILY = "1,2";
				TEST_HOST = "$(BUILT_PRODUCTS_DIR)/KanjiSRS.app/KanjiSRS";
			};
			name = Debug;
		};
		D8D0965024E6DC9D00E89670 /* Release */ = {
			isa = XCBuildConfiguration;
			buildSettings = {
				ALWAYS_EMBED_SWIFT_STANDARD_LIBRARIES = YES;
				BUNDLE_LOADER = "$(TEST_HOST)";
				CODE_SIGN_STYLE = Automatic;
				DEVELOPMENT_TEAM = 7M9B7VB2G9;
				INFOPLIST_FILE = KanjiSRSTests/Info.plist;
				IPHONEOS_DEPLOYMENT_TARGET = 13.6;
				LD_RUNPATH_SEARCH_PATHS = (
					"$(inherited)",
					"@executable_path/Frameworks",
					"@loader_path/Frameworks",
				);
				PRODUCT_BUNDLE_IDENTIFIER = xxx.scottie.KanjiSRSTests;
				PRODUCT_NAME = "$(TARGET_NAME)";
				SWIFT_VERSION = 5.0;
				TARGETED_DEVICE_FAMILY = "1,2";
				TEST_HOST = "$(BUILT_PRODUCTS_DIR)/KanjiSRS.app/KanjiSRS";
			};
			name = Release;
		};
		D8D0965224E6DC9D00E89670 /* Debug */ = {
			isa = XCBuildConfiguration;
			buildSettings = {
				ALWAYS_EMBED_SWIFT_STANDARD_LIBRARIES = YES;
				CODE_SIGN_STYLE = Automatic;
				DEVELOPMENT_TEAM = 7M9B7VB2G9;
				INFOPLIST_FILE = KanjiSRSUITests/Info.plist;
				LD_RUNPATH_SEARCH_PATHS = (
					"$(inherited)",
					"@executable_path/Frameworks",
					"@loader_path/Frameworks",
				);
				PRODUCT_BUNDLE_IDENTIFIER = xxx.scottie.KanjiSRSUITests;
				PRODUCT_NAME = "$(TARGET_NAME)";
				SWIFT_VERSION = 5.0;
				TARGETED_DEVICE_FAMILY = "1,2";
				TEST_TARGET_NAME = KanjiSRS;
			};
			name = Debug;
		};
		D8D0965324E6DC9D00E89670 /* Release */ = {
			isa = XCBuildConfiguration;
			buildSettings = {
				ALWAYS_EMBED_SWIFT_STANDARD_LIBRARIES = YES;
				CODE_SIGN_STYLE = Automatic;
				DEVELOPMENT_TEAM = 7M9B7VB2G9;
				INFOPLIST_FILE = KanjiSRSUITests/Info.plist;
				LD_RUNPATH_SEARCH_PATHS = (
					"$(inherited)",
					"@executable_path/Frameworks",
					"@loader_path/Frameworks",
				);
				PRODUCT_BUNDLE_IDENTIFIER = xxx.scottie.KanjiSRSUITests;
				PRODUCT_NAME = "$(TARGET_NAME)";
				SWIFT_VERSION = 5.0;
				TARGETED_DEVICE_FAMILY = "1,2";
				TEST_TARGET_NAME = KanjiSRS;
			};
			name = Release;
		};
/* End XCBuildConfiguration section */

/* Begin XCConfigurationList section */
		D8D0961C24E6DC9B00E89670 /* Build configuration list for PBXProject "KanjiSRS" */ = {
			isa = XCConfigurationList;
			buildConfigurations = (
				D8D0964924E6DC9D00E89670 /* Debug */,
				D8D0964A24E6DC9D00E89670 /* Release */,
			);
			defaultConfigurationIsVisible = 0;
			defaultConfigurationName = Release;
		};
		D8D0964B24E6DC9D00E89670 /* Build configuration list for PBXNativeTarget "KanjiSRS" */ = {
			isa = XCConfigurationList;
			buildConfigurations = (
				D8D0964C24E6DC9D00E89670 /* Debug */,
				D8D0964D24E6DC9D00E89670 /* Release */,
			);
			defaultConfigurationIsVisible = 0;
			defaultConfigurationName = Release;
		};
		D8D0964E24E6DC9D00E89670 /* Build configuration list for PBXNativeTarget "KanjiSRSTests" */ = {
			isa = XCConfigurationList;
			buildConfigurations = (
				D8D0964F24E6DC9D00E89670 /* Debug */,
				D8D0965024E6DC9D00E89670 /* Release */,
			);
			defaultConfigurationIsVisible = 0;
			defaultConfigurationName = Release;
		};
		D8D0965124E6DC9D00E89670 /* Build configuration list for PBXNativeTarget "KanjiSRSUITests" */ = {
			isa = XCConfigurationList;
			buildConfigurations = (
				D8D0965224E6DC9D00E89670 /* Debug */,
				D8D0965324E6DC9D00E89670 /* Release */,
			);
			defaultConfigurationIsVisible = 0;
			defaultConfigurationName = Release;
		};
/* End XCConfigurationList section */
	};
	rootObject = D8D0961924E6DC9B00E89670 /* Project object */;
}
